
Microsoft Visual Studio Solution File, Format Version 12.00
# Visual Studio 2013
VisualStudioVersion = 12.0.31101.0
MinimumVisualStudioVersion = 10.0.40219.1
Project("{FAE04EC0-301F-11D3-BF4B-00C04F79EFBC}") = "CodeBySpecification", "CodeBySpecification\CodeBySpecification.csproj", "{814D506D-78ED-4A55-A1E9-83343C35DE10}"
EndProject
Project("{FAE04EC0-301F-11D3-BF4B-00C04F79EFBC}") = "UIAutomation.Base", "Selenium.Base\UIAutomation.Base.csproj", "{955248C4-00BB-488C-8750-B3D41C0F1AEF}"
EndProject
Project("{FAE04EC0-301F-11D3-BF4B-00C04F79EFBC}") = "CodeBySpecification.API", "CodeBySpecification.API\CodeBySpecification.API.csproj", "{0D000C6F-12E9-4135-BD46-81FE6A1865D4}"
EndProject
Project("{FAE04EC0-301F-11D3-BF4B-00C04F79EFBC}") = "TestFramework.Base", "TestFramework.Base\TestFramework.Base.csproj", "{C186C184-1376-4DEC-85DE-180609C73619}"
EndProject
Project("{FAE04EC0-301F-11D3-BF4B-00C04F79EFBC}") = "SampleTestProject", "SampleTestProject\SampleTestProject.csproj", "{BAB15277-F464-4598-B59E-C8DA5EF35079}"
EndProject
Global
	GlobalSection(SolutionConfigurationPlatforms) = preSolution
		Debug|Any CPU = Debug|Any CPU
		Release|Any CPU = Release|Any CPU
	EndGlobalSection
	GlobalSection(ProjectConfigurationPlatforms) = postSolution
		{814D506D-78ED-4A55-A1E9-83343C35DE10}.Debug|Any CPU.ActiveCfg = Debug|Any CPU
		{814D506D-78ED-4A55-A1E9-83343C35DE10}.Debug|Any CPU.Build.0 = Debug|Any CPU
		{814D506D-78ED-4A55-A1E9-83343C35DE10}.Release|Any CPU.ActiveCfg = Release|Any CPU
		{814D506D-78ED-4A55-A1E9-83343C35DE10}.Release|Any CPU.Build.0 = Release|Any CPU
		{955248C4-00BB-488C-8750-B3D41C0F1AEF}.Debug|Any CPU.ActiveCfg = Debug|Any CPU
		{955248C4-00BB-488C-8750-B3D41C0F1AEF}.Debug|Any CPU.Build.0 = Debug|Any CPU
		{955248C4-00BB-488C-8750-B3D41C0F1AEF}.Release|Any CPU.ActiveCfg = Release|Any CPU
		{955248C4-00BB-488C-8750-B3D41C0F1AEF}.Release|Any CPU.Build.0 = Release|Any CPU
		{0D000C6F-12E9-4135-BD46-81FE6A1865D4}.Debug|Any CPU.ActiveCfg = Debug|Any CPU
		{0D000C6F-12E9-4135-BD46-81FE6A1865D4}.Debug|Any CPU.Build.0 = Debug|Any CPU
		{0D000C6F-12E9-4135-BD46-81FE6A1865D4}.Release|Any CPU.ActiveCfg = Release|Any CPU
		{0D000C6F-12E9-4135-BD46-81FE6A1865D4}.Release|Any CPU.Build.0 = Release|Any CPU
		{C186C184-1376-4DEC-85DE-180609C73619}.Debug|Any CPU.ActiveCfg = Debug|Any CPU
		{C186C184-1376-4DEC-85DE-180609C73619}.Debug|Any CPU.Build.0 = Debug|Any CPU
		{C186C184-1376-4DEC-85DE-180609C73619}.Release|Any CPU.ActiveCfg = Release|Any CPU
		{C186C184-1376-4DEC-85DE-180609C73619}.Release|Any CPU.Build.0 = Release|Any CPU
		{BAB15277-F464-4598-B59E-C8DA5EF35079}.Debug|Any CPU.ActiveCfg = Debug|Any CPU
		{BAB15277-F464-4598-B59E-C8DA5EF35079}.Debug|Any CPU.Build.0 = Debug|Any CPU
		{BAB15277-F464-4598-B59E-C8DA5EF35079}.Release|Any CPU.ActiveCfg = Release|Any CPU
		{BAB15277-F464-4598-B59E-C8DA5EF35079}.Release|Any CPU.Build.0 = Release|Any CPU
	EndGlobalSection
	GlobalSection(SolutionProperties) = preSolution
		HideSolutionNode = FALSE
	EndGlobalSection
EndGlobal
